{
  "name": "auto-git",
  "version": "1.0.0",
  "lockfileVersion": 1,
  "requires": true,
  "dependencies": {
    "async-lock": {
      "version": "1.3.0",
      "resolved": "https://registry.npmjs.org/async-lock/-/async-lock-1.3.0.tgz",
      "integrity": "sha512-8A7SkiisnEgME2zEedtDYPxUPzdv3x//E7n5IFktPAtMYSEAV7eNJF0rMwrVyUFj6d/8rgajLantbjcNRQYXIg=="
    },
    "clean-git-ref": {
      "version": "2.0.1",
      "resolved": "https://registry.npmjs.org/clean-git-ref/-/clean-git-ref-2.0.1.tgz",
      "integrity": "sha512-bLSptAy2P0s6hU4PzuIMKmMJJSE6gLXGH1cntDu7bWJUksvuM+7ReOK61mozULErYvP6a15rnYl0zFDef+pyPw=="
    },
    "crc-32": {
      "version": "1.2.0",
      "resolved": "https://registry.npmjs.org/crc-32/-/crc-32-1.2.0.tgz",
      "integrity": "sha512-1uBwHxF+Y/4yF5G48fwnKq6QsIXheor3ZLPT80yGBV1oEUwpPojlEhQbWKVw1VwcTQyMGHK1/XMmTjmlsmTTGA==",
      "requires": {
        "exit-on-epipe": "~1.0.1",
        "printj": "~1.1.0"
      }
    },
    "date-format": {
      "version": "3.0.0",
      "resolved": "https://registry.npmjs.org/date-format/-/date-format-3.0.0.tgz",
      "integrity": "sha512-eyTcpKOcamdhWJXj56DpQMo1ylSQpcGtGKXcU0Tb97+K56/CF5amAqqqNj0+KvA0iw2ynxtHWFsPDSClCxe48w=="
    },
    "debug": {
      "version": "4.3.3",
      "resolved": "https://registry.npmjs.org/debug/-/debug-4.3.3.tgz",
      "integrity": "sha512-/zxw5+vh1Tfv+4Qn7a5nsbcJKPaSvCDhojn6FEl9vupwK2VCSDtEiEtqr8DFtzYFOdz63LBkxec7DYuc2jon6Q==",
      "requires": {
        "ms": "2.1.2"
      }
    },
    "decompress-response": {
      "version": "4.2.1",
      "resolved": "https://registry.npmjs.org/decompress-response/-/decompress-response-4.2.1.tgz",
      "integrity": "sha512-jOSne2qbyE+/r8G1VU+G/82LBs2Fs4LAsTiLSHOCOMZQl2OKZ6i8i4IyHemTe+/yIXOtTcRQMzPcgyhoFlqPkw==",
      "requires": {
        "mimic-response": "^2.0.0"
      }
    },
    "diff3": {
      "version": "0.0.3",
      "resolved": "https://registry.npmjs.org/diff3/-/diff3-0.0.3.tgz",
      "integrity": "sha1-1OXDpM305f4SEatC5pP8tDIVgPw="
    },
    "exit-on-epipe": {
      "version": "1.0.1",
      "resolved": "https://registry.npmjs.org/exit-on-epipe/-/exit-on-epipe-1.0.1.tgz",
      "integrity": "sha512-h2z5mrROTxce56S+pnvAV890uu7ls7f1kEvVGJbw1OlFH3/mlJ5bkXu0KRyW94v37zzHPiUd55iLn3DA7TjWpw=="
    },
    "flatted": {
      "version": "2.0.2",
      "resolved": "https://registry.npmjs.org/flatted/-/flatted-2.0.2.tgz",
      "integrity": "sha512-r5wGx7YeOwNWNlCA0wQ86zKyDLMQr+/RB8xy74M4hTphfmjlijTSSXGuH8rnvKZnfT9i+75zmd8jcKdMR4O6jA=="
    },
    "fs-extra": {
      "version": "8.1.0",
      "resolved": "https://registry.npmjs.org/fs-extra/-/fs-extra-8.1.0.tgz",
      "integrity": "sha512-yhlQgA6mnOJUKOsRUFsgJdQCvkKhcz8tlZG5HBQfReYZy46OwLcY+Zia0mtdHsOo9y/hP+CxMN0TU9QxoOtG4g==",
      "requires": {
        "graceful-fs": "^4.2.0",
        "jsonfile": "^4.0.0",
        "universalify": "^0.1.0"
      }
    },
    "graceful-fs": {
      "version": "4.2.8",
      "resolved": "https://registry.npmjs.org/graceful-fs/-/graceful-fs-4.2.8.tgz",
      "integrity": "sha512-qkIilPUYcNhJpd33n0GBXTB1MMPp14TxEsEs0pTrsSVucApsYzW5V+Q8Qxhik6KU3evy+qkAAowTByymK0avdg=="
    },
    "ignore": {
      "version": "5.1.9",
      "resolved": "https://registry.npmjs.org/ignore/-/ignore-5.1.9.tgz",
      "integrity": "sha512-2zeMQpbKz5dhZ9IwL0gbxSW5w0NK/MSAMtNuhgIHEPmaU3vPdKPL0UdvUCXs5SS4JAwsBxysK5sFMW8ocFiVjQ=="
    },
    "inherits": {
      "version": "2.0.4",
      "resolved": "https://registry.npmjs.org/inherits/-/inherits-2.0.4.tgz",
      "integrity": "sha512-k/vGaX4/Yla3WzyMCvTQOXYeIHvqOKtnqBduzTHpzpQZzAskKMhZ2K+EnBiSM9zGSoIFeMpXKxa4dYeZIQqewQ=="
    },
    "isomorphic-git": {
      "version": "1.10.1",
      "resolved": "https://registry.npmjs.org/isomorphic-git/-/isomorphic-git-1.10.1.tgz",
      "integrity": "sha512-abbPpKkykIVDJ92rtYoD4AOuT5/7PABHR2fDBrsm7H0r2ZT+MGpPL/FynrEJM6nTcFSieaIDxnHNGhfHO/v+bA==",
      "requires": {
        "async-lock": "^1.1.0",
        "clean-git-ref": "^2.0.1",
        "crc-32": "^1.2.0",
        "diff3": "0.0.3",
        "ignore": "^5.1.4",
        "minimisted": "^2.0.0",
        "pako": "^1.0.10",
        "pify": "^4.0.1",
        "readable-stream": "^3.4.0",
        "sha.js": "^2.4.9",
        "simple-get": "^3.0.2"
      }
    },
    "jsonfile": {
      "version": "4.0.0",
      "resolved": "https://registry.npmjs.org/jsonfile/-/jsonfile-4.0.0.tgz",
      "integrity": "sha1-h3Gq4HmbZAdrdmQPygWPnBDjPss=",
      "requires": {
        "graceful-fs": "^4.1.6"
      }
    },
    "log4js": {
      "version": "6.3.0",
      "resolved": "https://registry.npmjs.org/log4js/-/log4js-6.3.0.tgz",
      "integrity": "sha512-Mc8jNuSFImQUIateBFwdOQcmC6Q5maU0VVvdC2R6XMb66/VnT+7WS4D/0EeNMZu1YODmJe5NIn2XftCzEocUgw==",
      "requires": {
        "date-format": "^3.0.0",
        "debug": "^4.1.1",
        "flatted": "^2.0.1",
        "rfdc": "^1.1.4",
        "streamroller": "^2.2.4"
      }
    },
    "mimic-response": {
      "version": "2.1.0",
      "resolved": "https://registry.npmjs.org/mimic-response/-/mimic-response-2.1.0.tgz",
      "integrity": "sha512-wXqjST+SLt7R009ySCglWBCFpjUygmCIfD790/kVbiGmUgfYGuB14PiTd5DwVxSV4NcYHjzMkoj5LjQZwTQLEA=="
    },
    "minimist": {
      "version": "1.2.5",
      "resolved": "https://registry.npmjs.org/minimist/-/minimist-1.2.5.tgz",
      "integrity": "sha512-FM9nNUYrRBAELZQT3xeZQ7fmMOBg6nWNmJKTcgsJeaLstP/UODVpGsr5OhXhhXg6f+qtJ8uiZ+PUxkDWcgIXLw=="
    },
    "minimisted": {
      "version": "2.0.1",
      "resolved": "https://registry.npmjs.org/minimisted/-/minimisted-2.0.1.tgz",
      "integrity": "sha512-1oPjfuLQa2caorJUM8HV8lGgWCc0qqAO1MNv/k05G4qslmsndV/5WdNZrqCiyqiz3wohia2Ij2B7w2Dr7/IyrA==",
      "requires": {
        "minimist": "^1.2.5"
      }
    },
    "ms": {
      "version": "2.1.2",
      "resolved": "https://registry.npmjs.org/ms/-/ms-2.1.2.tgz",
      "integrity": "sha512-sGkPx+VjMtmA6MX27oA4FBFELFCZZ4S4XqeGOXCv68tT+jb3vk/RyaKWP0PTKyWtmLSM0b+adUTEvbs1PEaH2w=="
    },
    "once": {
      "version": "1.4.0",
      "resolved": "https://registry.npmjs.org/once/-/once-1.4.0.tgz",
      "integrity": "sha1-WDsap3WWHUsROsF9nFC6753Xa9E=",
      "requires": {
        "wrappy": "1"
      }
    },
    "pako": {
      "version": "1.0.11",
      "resolved": "https://registry.npmjs.org/pako/-/pako-1.0.11.tgz",
      "integrity": "sha512-4hLB8Py4zZce5s4yd9XzopqwVv/yGNhV1Bl8NTmCq1763HeK2+EwVTv+leGeL13Dnh2wfbqowVPXCIO0z4taYw=="
    },
    "pify": {
      "version": "4.0.1",
      "resolved": "https://registry.npmjs.org/pify/-/pify-4.0.1.tgz",
      "integrity": "sha512-uB80kBFb/tfd68bVleG9T5GGsGPjJrLAUpR5PZIrhBnIaRTQRjqdJSsIKkOP6OAIFbj7GOrcudc5pNjZ+geV2g=="
    },
    "printj": {
      "version": "1.1.2",
      "resolved": "https://registry.npmjs.org/printj/-/printj-1.1.2.tgz",
      "integrity": "sha512-zA2SmoLaxZyArQTOPj5LXecR+RagfPSU5Kw1qP+jkWeNlrq+eJZyY2oS68SU1Z/7/myXM4lo9716laOFAVStCQ=="
    },
    "readable-stream": {
      "version": "3.6.0",
      "resolved": "https://registry.npmjs.org/readable-stream/-/readable-stream-3.6.0.tgz",
      "integrity": "sha512-BViHy7LKeTz4oNnkcLJ+lVSL6vpiFeX6/d3oSH8zCW7UxP2onchk+vTGB143xuFjHS3deTgkKoXXymXqymiIdA==",
      "requires": {
        "inherits": "^2.0.3",
        "string_decoder": "^1.1.1",
        "util-deprecate": "^1.0.1"
      }
    },
    "rfdc": {
      "version": "1.3.0",
      "resolved": "https://registry.npmjs.org/rfdc/-/rfdc-1.3.0.tgz",
      "integrity": "sha512-V2hovdzFbOi77/WajaSMXk2OLm+xNIeQdMMuB7icj7bk6zi2F8GGAxigcnDFpJHbNyNcgyJDiP+8nOrY5cZGrA=="
    },
    "safe-buffer": {
      "version": "5.2.1",
      "resolved": "https://registry.npmjs.org/safe-buffer/-/safe-buffer-5.2.1.tgz",
      "integrity": "sha512-rp3So07KcdmmKbGvgaNxQSJr7bGVSVk5S9Eq1F+ppbRo70+YeaDxkw5Dd8NPN+GD6bjnYm2VuPuCXmpuYvmCXQ=="
    },
    "sha.js": {
      "version": "2.4.11",
      "resolved": "https://registry.npmjs.org/sha.js/-/sha.js-2.4.11.tgz",
      "integrity": "sha512-QMEp5B7cftE7APOjk5Y6xgrbWu+WkLVQwk8JNjZ8nKRciZaByEW6MubieAiToS7+dwvrjGhH8jRXz3MVd0AYqQ==",
      "requires": {
        "inherits": "^2.0.1",
        "safe-buffer": "^5.0.1"
      }
    },
    "simple-concat": {
      "version": "1.0.1",
      "resolved": "https://registry.npmjs.org/simple-concat/-/simple-concat-1.0.1.tgz",
      "integrity": "sha512-cSFtAPtRhljv69IK0hTVZQ+OfE9nePi/rtJmw5UjHeVyVroEqJXP1sFztKUy1qU+xvz3u/sfYJLa947b7nAN2Q=="
    },
    "simple-get": {
      "version": "3.1.0",
      "resolved": "https://registry.npmjs.org/simple-get/-/simple-get-3.1.0.tgz",
      "integrity": "sha512-bCR6cP+aTdScaQCnQKbPKtJOKDp/hj9EDLJo3Nw4y1QksqaovlW/bnptB6/c1e+qmNIDHRK+oXFDdEqBT8WzUA==",
      "requires": {
        "decompress-response": "^4.2.0",
        "once": "^1.3.1",
        "simple-concat": "^1.0.0"
      }
    },
    "streamroller": {
      "version": "2.2.4",
      "resolved": "https://registry.npmjs.org/streamroller/-/streamroller-2.2.4.tgz",
      "integrity": "sha512-OG79qm3AujAM9ImoqgWEY1xG4HX+Lw+yY6qZj9R1K2mhF5bEmQ849wvrb+4vt4jLMLzwXttJlQbOdPOQVRv7DQ==",
      "requires": {
        "date-format": "^2.1.0",
        "debug": "^4.1.1",
        "fs-extra": "^8.1.0"
      },
      "dependencies": {
        "date-format": {
          "version": "2.1.0",
          "resolved": "https://registry.npmjs.org/date-format/-/date-format-2.1.0.tgz",
          "integrity": "sha512-bYQuGLeFxhkxNOF3rcMtiZxvCBAquGzZm6oWA1oZ0g2THUzivaRhv8uOhdr19LmoobSOLoIAxeUK2RdbM8IFTA=="
        }
      }
    },
    "string_decoder": {
      "version": "1.3.0",
      "resolved": "https://registry.npmjs.org/string_decoder/-/string_decoder-1.3.0.tgz",
      "integrity": "sha512-hkRX8U1WjJFd8LsDJ2yQ/wWWxaopEsABU1XfkM8A+j0+85JAGppt16cr1Whg6KIbb4okU6Mql6BOj+uup/wKeA==",
      "requires": {
        "safe-buffer": "~5.2.0"
      }
    },
    "universalify": {
      "version": "0.1.2",
      "resolved": "https://registry.npmjs.org/universalify/-/universalify-0.1.2.tgz",
      "integrity": "sha512-rBJeI5CXAlmy1pV+617WB9J63U6XcazHHF2f2dbJix4XzpUF0RS3Zbj0FGIOCAva5P/d/GBOYaACQ1w+0azUkg=="
    },
    "util-deprecate": {
      "version": "1.0.2",
      "resolved": "https://registry.npmjs.org/util-deprecate/-/util-deprecate-1.0.2.tgz",
      "integrity": "sha1-RQ1Nyfpw3nMnYvvS1KKJgUGaDM8="
    },
    "wrappy": {
      "version": "1.0.2",
      "resolved": "https://registry.npmjs.org/wrappy/-/wrappy-1.0.2.tgz",
      "integrity": "sha1-tSQ9jz7BqjXxNkYFvA0QNuMKtp8="
    }
  }
}
